
Microsoft Visual Studio Solution File, Format Version 12.00
# Visual Studio Version 17
VisualStudioVersion = 17.1.32421.90
MinimumVisualStudioVersion = 10.0.40219.1
Project("{9A19103F-16F7-4668-BE54-9A1E7A4F7556}") = "Exercise1", "Exercise1\Exercise1.csproj", "{3392394F-A0F3-4192-982D-B574FA602C0D}"
EndProject
Project("{FAE04EC0-301F-11D3-BF4B-00C04F79EFBC}") = "Exercise2", "Exercise2\Exercise2.csproj", "{B59D0E33-112F-4FCE-AB35-9B3DF71C5AFF}"
EndProject
Global
	GlobalSection(SolutionConfigurationPlatforms) = preSolution
		Debug|Any CPU = Debug|Any CPU
		Release|Any CPU = Release|Any CPU
	EndGlobalSection
	GlobalSection(ProjectConfigurationPlatforms) = postSolution
		{3392394F-A0F3-4192-982D-B574FA602C0D}.Debug|Any CPU.ActiveCfg = Debug|Any CPU
		{3392394F-A0F3-4192-982D-B574FA602C0D}.Debug|Any CPU.Build.0 = Debug|Any CPU
		{3392394F-A0F3-4192-982D-B574FA602C0D}.Release|Any CPU.ActiveCfg = Release|Any CPU
		{3392394F-A0F3-4192-982D-B574FA602C0D}.Release|Any CPU.Build.0 = Release|Any CPU
		{B59D0E33-112F-4FCE-AB35-9B3DF71C5AFF}.Debug|Any CPU.ActiveCfg = Debug|Any CPU
		{B59D0E33-112F-4FCE-AB35-9B3DF71C5AFF}.Debug|Any CPU.Build.0 = Debug|Any CPU
		{B59D0E33-112F-4FCE-AB35-9B3DF71C5AFF}.Release|Any CPU.ActiveCfg = Release|Any CPU
		{B59D0E33-112F-4FCE-AB35-9B3DF71C5AFF}.Release|Any CPU.Build.0 = Release|Any CPU
	EndGlobalSection
	GlobalSection(SolutionProperties) = preSolution
		HideSolutionNode = FALSE
	EndGlobalSection
	GlobalSection(ExtensibilityGlobals) = postSolution
		SolutionGuid = {7024D86E-81E4-4797-B84D-678AD95C45BE}
	EndGlobalSection
EndGlobal
